
Microsoft Visual Studio Solution File, Format Version 12.00
# Visual Studio Version 17
VisualStudioVersion = 17.2.32630.192
MinimumVisualStudioVersion = 10.0.40219.1
Project("{9A19103F-16F7-4668-BE54-9A1E7A4F7556}") = "NPMRC-App", "NPMRC-App1\NPMRC-App.csproj", "{6FADF017-38EE-466C-9B50-7902DFD12249}"
EndProject
Global
	GlobalSection(SolutionConfigurationPlatforms) = preSolution
		Debug|Any CPU = Debug|Any CPU
		Release|Any CPU = Release|Any CPU
	EndGlobalSection
	GlobalSection(ProjectConfigurationPlatforms) = postSolution
		{6FADF017-38EE-466C-9B50-7902DFD12249}.Debug|Any CPU.ActiveCfg = Debug|Any CPU
		{6FADF017-38EE-466C-9B50-7902DFD12249}.Debug|Any CPU.Build.0 = Debug|Any CPU
		{6FADF017-38EE-466C-9B50-7902DFD12249}.Release|Any CPU.ActiveCfg = Release|Any CPU
		{6FADF017-38EE-466C-9B50-7902DFD12249}.Release|Any CPU.Build.0 = Release|Any CPU
	EndGlobalSection
	GlobalSection(SolutionProperties) = preSolution
		HideSolutionNode = FALSE
	EndGlobalSection
	GlobalSection(ExtensibilityGlobals) = postSolution
		SolutionGuid = {5CBFA5D2-6D8A-44AD-A520-4987352E24B8}
	EndGlobalSection
EndGlobal
